
Microsoft Visual Studio Solution File, Format Version 12.00
# Visual Studio Version 17
VisualStudioVersion = 17.2.32505.173
MinimumVisualStudioVersion = 10.0.40219.1
Project("{8BC9CEB8-8B4A-11D0-8D11-00A0C91BC942}") = "4.07.2022", "4.07.2022\4.07.2022.vcxproj", "{456A8BF5-8E5B-4D39-A1C7-F6D44518628B}"
EndProject
Global
	GlobalSection(SolutionConfigurationPlatforms) = preSolution
		Debug|x64 = Debug|x64
		Debug|x86 = Debug|x86
		Release|x64 = Release|x64
		Release|x86 = Release|x86
	EndGlobalSection
	GlobalSection(ProjectConfigurationPlatforms) = postSolution
		{456A8BF5-8E5B-4D39-A1C7-F6D44518628B}.Debug|x64.ActiveCfg = Debug|x64
		{456A8BF5-8E5B-4D39-A1C7-F6D44518628B}.Debug|x64.Build.0 = Debug|x64
		{456A8BF5-8E5B-4D39-A1C7-F6D44518628B}.Debug|x86.ActiveCfg = Debug|Win32
		{456A8BF5-8E5B-4D39-A1C7-F6D44518628B}.Debug|x86.Build.0 = Debug|Win32
		{456A8BF5-8E5B-4D39-A1C7-F6D44518628B}.Release|x64.ActiveCfg = Release|x64
		{456A8BF5-8E5B-4D39-A1C7-F6D44518628B}.Release|x64.Build.0 = Release|x64
		{456A8BF5-8E5B-4D39-A1C7-F6D44518628B}.Release|x86.ActiveCfg = Release|Win32
		{456A8BF5-8E5B-4D39-A1C7-F6D44518628B}.Release|x86.Build.0 = Release|Win32
	EndGlobalSection
	GlobalSection(SolutionProperties) = preSolution
		HideSolutionNode = FALSE
	EndGlobalSection
	GlobalSection(ExtensibilityGlobals) = postSolution
		SolutionGuid = {022E5638-C961-4B68-B124-81F461466695}
	EndGlobalSection
EndGlobal
